
Microsoft Visual Studio Solution File, Format Version 12.00
# Visual Studio Version 16
VisualStudioVersion = 16.0.31005.135
MinimumVisualStudioVersion = 10.0.40219.1
Project("{FAE04EC0-301F-11D3-BF4B-00C04F79EFBC}") = "Jean Project The Second", "Jean Project The Second.csproj", "{600147DA-C511-4AF7-84D4-DC6BB005A40C}"
EndProject
Global
	GlobalSection(SolutionConfigurationPlatforms) = preSolution
		Debug|Any CPU = Debug|Any CPU
		Release|Any CPU = Release|Any CPU
	EndGlobalSection
	GlobalSection(ProjectConfigurationPlatforms) = postSolution
		{600147DA-C511-4AF7-84D4-DC6BB005A40C}.Debug|Any CPU.ActiveCfg = Debug|Any CPU
		{600147DA-C511-4AF7-84D4-DC6BB005A40C}.Debug|Any CPU.Build.0 = Debug|Any CPU
		{600147DA-C511-4AF7-84D4-DC6BB005A40C}.Release|Any CPU.ActiveCfg = Release|Any CPU
		{600147DA-C511-4AF7-84D4-DC6BB005A40C}.Release|Any CPU.Build.0 = Release|Any CPU
	EndGlobalSection
	GlobalSection(SolutionProperties) = preSolution
		HideSolutionNode = FALSE
	EndGlobalSection
	GlobalSection(ExtensibilityGlobals) = postSolution
		SolutionGuid = {5C8AEC73-C018-416D-B2BC-BF08438DF567}
	EndGlobalSection
EndGlobal
